
Microsoft Visual Studio Solution File, Format Version 12.00
# Visual Studio Version 16
VisualStudioVersion = 16.0.31105.61
MinimumVisualStudioVersion = 10.0.40219.1
Project("{FAE04EC0-301F-11D3-BF4B-00C04F79EFBC}") = "KOrmo0.0", "KOrmo0.0\KOrmo0.0.csproj", "{2B56E047-DDC2-485D-9724-CCF4D4455932}"
EndProject
Project("{2150E333-8FDC-42A3-9474-1A3956D46DE8}") = "Solution Items", "Solution Items", "{6EF538D2-C063-48A2-AF71-8C9245AB9717}"
EndProject
Global
	GlobalSection(SolutionConfigurationPlatforms) = preSolution
		Debug|Any CPU = Debug|Any CPU
		Release|Any CPU = Release|Any CPU
	EndGlobalSection
	GlobalSection(ProjectConfigurationPlatforms) = postSolution
		{2B56E047-DDC2-485D-9724-CCF4D4455932}.Debug|Any CPU.ActiveCfg = Debug|Any CPU
		{2B56E047-DDC2-485D-9724-CCF4D4455932}.Debug|Any CPU.Build.0 = Debug|Any CPU
		{2B56E047-DDC2-485D-9724-CCF4D4455932}.Release|Any CPU.ActiveCfg = Release|Any CPU
		{2B56E047-DDC2-485D-9724-CCF4D4455932}.Release|Any CPU.Build.0 = Release|Any CPU
	EndGlobalSection
	GlobalSection(SolutionProperties) = preSolution
		HideSolutionNode = FALSE
	EndGlobalSection
	GlobalSection(ExtensibilityGlobals) = postSolution
		SolutionGuid = {9C9F4FA8-71B9-422D-9DF5-ECDC3503CB28}
	EndGlobalSection
EndGlobal
